// !$*UTF8*$!
{
	archiveVersion = 1;
	classes = {
	};
	objectVersion = 46;
	objects = {

/* Begin PBXBuildFile section */
		1CD62C4B1F13279300FC65F2 /* main.m in Sources */ = {isa = PBXBuildFile; fileRef = 1CD62C4A1F13279300FC65F2 /* main.m */; };
		1CD62C4E1F13279300FC65F2 /* AppDelegate.m in Sources */ = {isa = PBXBuildFile; fileRef = 1CD62C4D1F13279300FC65F2 /* AppDelegate.m */; };
		1CD62C511F13279300FC65F2 /* ViewController.m in Sources */ = {isa = PBXBuildFile; fileRef = 1CD62C501F13279300FC65F2 /* ViewController.m */; };
		1CD62C541F13279300FC65F2 /* Main.storyboard in Resources */ = {isa = PBXBuildFile; fileRef = 1CD62C521F13279300FC65F2 /* Main.storyboard */; };
		1CD62C561F13279300FC65F2 /* Assets.xcassets in Resources */ = {isa = PBXBuildFile; fileRef = 1CD62C551F13279300FC65F2 /* Assets.xcassets */; };
		1CD62C591F13279300FC65F2 /* LaunchScreen.storyboard in Resources */ = {isa = PBXBuildFile; fileRef = 1CD62C571F13279300FC65F2 /* LaunchScreen.storyboard */; };
		1CD62C641F13279300FC65F2 /* BaseTableViewTests.m in Sources */ = {isa = PBXBuildFile; fileRef = 1CD62C631F13279300FC65F2 /* BaseTableViewTests.m */; };
		1CD62C6F1F13279300FC65F2 /* BaseTableViewUITests.m in Sources */ = {isa = PBXBuildFile; fileRef = 1CD62C6E1F13279300FC65F2 /* BaseTableViewUITests.m */; };
		1CD62C7E1F13287300FC65F2 /* BaseTableView.m in Sources */ = {isa = PBXBuildFile; fileRef = 1CD62C7D1F13287300FC65F2 /* BaseTableView.m */; };
		1CD62C811F13327900FC65F2 /* BaseEmptyTableView.m in Sources */ = {isa = PBXBuildFile; fileRef = 1CD62C801F13327900FC65F2 /* BaseEmptyTableView.m */; };
		1CD62C841F13532300FC65F2 /* FirstViewController.m in Sources */ = {isa = PBXBuildFile; fileRef = 1CD62C831F13532300FC65F2 /* FirstViewController.m */; };
		1CD62C871F1363E500FC65F2 /* BaseRefreshTableView.m in Sources */ = {isa = PBXBuildFile; fileRef = 1CD62C861F1363E500FC65F2 /* BaseRefreshTableView.m */; };
		1CD62C8A1F136FB500FC65F2 /* CustomCell.m in Sources */ = {isa = PBXBuildFile; fileRef = 1CD62C891F136FB500FC65F2 /* CustomCell.m */; };
		B7C7B976BB52BEE22C4F9F31 /* libPods-BaseTableView.a in Frameworks */ = {isa = PBXBuildFile; fileRef = BC7A9017F5251880463E796B /* libPods-BaseTableView.a */; };
/* End PBXBuildFile section */

/* Begin PBXContainerItemProxy section */
		1CD62C601F13279300FC65F2 /* PBXContainerItemProxy */ = {
			isa = PBXContainerItemProxy;
			containerPortal = 1CD62C3E1F13279300FC65F2 /* Project object */;
			proxyType = 1;
			remoteGlobalIDString = 1CD62C451F13279300FC65F2;
			remoteInfo = BaseTableView;
		};
		1CD62C6B1F13279300FC65F2 /* PBXContainerItemProxy */ = {
			isa = PBXContainerItemProxy;
			containerPortal = 1CD62C3E1F13279300FC65F2 /* Project object */;
			proxyType = 1;
			remoteGlobalIDString = 1CD62C451F13279300FC65F2;
			remoteInfo = BaseTableView;
		};
/* End PBXContainerItemProxy section */

/* Begin PBXFileReference section */
		1CD62C461F13279300FC65F2 /* BaseTableView.app */ = {isa = PBXFileReference; explicitFileType = wrapper.application; includeInIndex = 0; path = BaseTableView.app; sourceTree = BUILT_PRODUCTS_DIR; };
		1CD62C4A1F13279300FC65F2 /* main.m */ = {isa = PBXFileReference; lastKnownFileType = sourcecode.c.objc; path = main.m; sourceTree = "<group>"; };
		1CD62C4C1F13279300FC65F2 /* AppDelegate.h */ = {isa = PBXFileReference; lastKnownFileType = sourcecode.c.h; path = AppDelegate.h; sourceTree = "<group>"; };
		1CD62C4D1F13279300FC65F2 /* AppDelegate.m */ = {isa = PBXFileReference; lastKnownFileType = sourcecode.c.objc; path = AppDelegate.m; sourceTree = "<group>"; };
		1CD62C4F1F13279300FC65F2 /* ViewController.h */ = {isa = PBXFileReference; lastKnownFileType = sourcecode.c.h; path = ViewController.h; sourceTree = "<group>"; };
		1CD62C501F13279300FC65F2 /* ViewController.m */ = {isa = PBXFileReference; lastKnownFileType = sourcecode.c.objc; path = ViewController.m; sourceTree = "<group>"; };
		1CD62C531F13279300FC65F2 /* Base */ = {isa = PBXFileReference; lastKnownFileType = file.storyboard; name = Base; path = Base.lproj/Main.storyboard; sourceTree = "<group>"; };
		1CD62C551F13279300FC65F2 /* Assets.xcassets */ = {isa = PBXFileReference; lastKnownFileType = folder.assetcatalog; path = Assets.xcassets; sourceTree = "<group>"; };
		1CD62C581F13279300FC65F2 /* Base */ = {isa = PBXFileReference; lastKnownFileType = file.storyboard; name = Base; path = Base.lproj/LaunchScreen.storyboard; sourceTree = "<group>"; };
		1CD62C5A1F13279300FC65F2 /* Info.plist */ = {isa = PBXFileReference; lastKnownFileType = text.plist.xml; path = Info.plist; sourceTree = "<group>"; };
		1CD62C5F1F13279300FC65F2 /* BaseTableViewTests.xctest */ = {isa = PBXFileReference; explicitFileType = wrapper.cfbundle; includeInIndex = 0; path = BaseTableViewTests.xctest; sourceTree = BUILT_PRODUCTS_DIR; };
		1CD62C631F13279300FC65F2 /* BaseTableViewTests.m */ = {isa = PBXFileReference; lastKnownFileType = sourcecode.c.objc; path = BaseTableViewTests.m; sourceTree = "<group>"; };
		1CD62C651F13279300FC65F2 /* Info.plist */ = {isa = PBXFileReference; lastKnownFileType = text.plist.xml; path = Info.plist; sourceTree = "<group>"; };
		1CD62C6A1F13279300FC65F2 /* BaseTableViewUITests.xctest */ = {isa = PBXFileReference; explicitFileType = wrapper.cfbundle; includeInIndex = 0; path = BaseTableViewUITests.xctest; sourceTree = BUILT_PRODUCTS_DIR; };
		1CD62C6E1F13279300FC65F2 /* BaseTableViewUITests.m */ = {isa = PBXFileReference; lastKnownFileType = sourcecode.c.objc; path = BaseTableViewUITests.m; sourceTree = "<group>"; };
		1CD62C701F13279300FC65F2 /* Info.plist */ = {isa = PBXFileReference; lastKnownFileType = text.plist.xml; path = Info.plist; sourceTree = "<group>"; };
		1CD62C7C1F13287300FC65F2 /* BaseTableView.h */ = {isa = PBXFileReference; fileEncoding = 4; lastKnownFileType = sourcecode.c.h; path = BaseTableView.h; sourceTree = "<group>"; };
		1CD62C7D1F13287300FC65F2 /* BaseTableView.m */ = {isa = PBXFileReference; fileEncoding = 4; lastKnownFileType = sourcecode.c.objc; path = BaseTableView.m; sourceTree = "<group>"; };
		1CD62C7F1F13327900FC65F2 /* BaseEmptyTableView.h */ = {isa = PBXFileReference; fileEncoding = 4; lastKnownFileType = sourcecode.c.h; path = BaseEmptyTableView.h; sourceTree = "<group>"; };
		1CD62C801F13327900FC65F2 /* BaseEmptyTableView.m */ = {isa = PBXFileReference; fileEncoding = 4; lastKnownFileType = sourcecode.c.objc; path = BaseEmptyTableView.m; sourceTree = "<group>"; };
		1CD62C821F13532300FC65F2 /* FirstViewController.h */ = {isa = PBXFileReference; fileEncoding = 4; lastKnownFileType = sourcecode.c.h; path = FirstViewController.h; sourceTree = "<group>"; };
		1CD62C831F13532300FC65F2 /* FirstViewController.m */ = {isa = PBXFileReference; fileEncoding = 4; lastKnownFileType = sourcecode.c.objc; path = FirstViewController.m; sourceTree = "<group>"; };
		1CD62C851F1363E500FC65F2 /* BaseRefreshTableView.h */ = {isa = PBXFileReference; fileEncoding = 4; lastKnownFileType = sourcecode.c.h; path = BaseRefreshTableView.h; sourceTree = "<group>"; };
		1CD62C861F1363E500FC65F2 /* BaseRefreshTableView.m */ = {isa = PBXFileReference; fileEncoding = 4; lastKnownFileType = sourcecode.c.objc; path = BaseRefreshTableView.m; sourceTree = "<group>"; };
		1CD62C881F136FB500FC65F2 /* CustomCell.h */ = {isa = PBXFileReference; fileEncoding = 4; lastKnownFileType = sourcecode.c.h; path = CustomCell.h; sourceTree = "<group>"; };
		1CD62C891F136FB500FC65F2 /* CustomCell.m */ = {isa = PBXFileReference; fileEncoding = 4; lastKnownFileType = sourcecode.c.objc; path = CustomCell.m; sourceTree = "<group>"; };
		69E203F4AABD0F5981DB58D7 /* Pods-BaseTableView.release.xcconfig */ = {isa = PBXFileReference; includeInIndex = 1; lastKnownFileType = text.xcconfig; name = "Pods-BaseTableView.release.xcconfig"; path = "Pods/Target Support Files/Pods-BaseTableView/Pods-BaseTableView.release.xcconfig"; sourceTree = "<group>"; };
		71E6950D72B533C3B7D77EC4 /* Pods-BaseTableView.debug.xcconfig */ = {isa = PBXFileReference; includeInIndex = 1; lastKnownFileType = text.xcconfig; name = "Pods-BaseTableView.debug.xcconfig"; path = "Pods/Target Support Files/Pods-BaseTableView/Pods-BaseTableView.debug.xcconfig"; sourceTree = "<group>"; };
		BC7A9017F5251880463E796B /* libPods-BaseTableView.a */ = {isa = PBXFileReference; explicitFileType = archive.ar; includeInIndex = 0; path = "libPods-BaseTableView.a"; sourceTree = BUILT_PRODUCTS_DIR; };
/* End PBXFileReference section */

/* Begin PBXFrameworksBuildPhase section */
		1CD62C431F13279300FC65F2 /* Frameworks */ = {
			isa = PBXFrameworksBuildPhase;
			buildActionMask = 2147483647;
			files = (
				B7C7B976BB52BEE22C4F9F31 /* libPods-BaseTableView.a in Frameworks */,
			);
			runOnlyForDeploymentPostprocessing = 0;
		};
		1CD62C5C1F13279300FC65F2 /* Frameworks */ = {
			isa = PBXFrameworksBuildPhase;
			buildActionMask = 2147483647;
			files = (
			);
			runOnlyForDeploymentPostprocessing = 0;
		};
		1CD62C671F13279300FC65F2 /* Frameworks */ = {
			isa = PBXFrameworksBuildPhase;
			buildActionMask = 2147483647;
			files = (
			);
			runOnlyForDeploymentPostprocessing = 0;
		};
/* End PBXFrameworksBuildPhase section */

/* Begin PBXGroup section */
		052FF1ACA3619ACDFF0CF798 /* Pods */ = {
			isa = PBXGroup;
			children = (
				71E6950D72B533C3B7D77EC4 /* Pods-BaseTableView.debug.xcconfig */,
				69E203F4AABD0F5981DB58D7 /* Pods-BaseTableView.release.xcconfig */,
			);
			name = Pods;
			sourceTree = "<group>";
		};
		1217D72F74A0EDC74DA5AC76 /* Frameworks */ = {
			isa = PBXGroup;
			children = (
				BC7A9017F5251880463E796B /* libPods-BaseTableView.a */,
			);
			name = Frameworks;
			sourceTree = "<group>";
		};
		1CD62C3D1F13279300FC65F2 = {
			isa = PBXGroup;
			children = (
				1CD62C481F13279300FC65F2 /* BaseTableView */,
				1CD62C621F13279300FC65F2 /* BaseTableViewTests */,
				1CD62C6D1F13279300FC65F2 /* BaseTableViewUITests */,
				1CD62C471F13279300FC65F2 /* Products */,
				052FF1ACA3619ACDFF0CF798 /* Pods */,
				1217D72F74A0EDC74DA5AC76 /* Frameworks */,
			);
			sourceTree = "<group>";
		};
		1CD62C471F13279300FC65F2 /* Products */ = {
			isa = PBXGroup;
			children = (
				1CD62C461F13279300FC65F2 /* BaseTableView.app */,
				1CD62C5F1F13279300FC65F2 /* BaseTableViewTests.xctest */,
				1CD62C6A1F13279300FC65F2 /* BaseTableViewUITests.xctest */,
			);
			name = Products;
			sourceTree = "<group>";
		};
		1CD62C481F13279300FC65F2 /* BaseTableView */ = {
			isa = PBXGroup;
			children = (
				1CD62C8B1F137C4A00FC65F2 /* TableView */,
				1CD62C4C1F13279300FC65F2 /* AppDelegate.h */,
				1CD62C4D1F13279300FC65F2 /* AppDelegate.m */,
				1CD62C4F1F13279300FC65F2 /* ViewController.h */,
				1CD62C501F13279300FC65F2 /* ViewController.m */,
				1CD62C821F13532300FC65F2 /* FirstViewController.h */,
				1CD62C831F13532300FC65F2 /* FirstViewController.m */,
				1CD62C881F136FB500FC65F2 /* CustomCell.h */,
				1CD62C891F136FB500FC65F2 /* CustomCell.m */,
				1CD62C521F13279300FC65F2 /* Main.storyboard */,
				1CD62C551F13279300FC65F2 /* Assets.xcassets */,
				1CD62C571F13279300FC65F2 /* LaunchScreen.storyboard */,
				1CD62C5A1F13279300FC65F2 /* Info.plist */,
				1CD62C491F13279300FC65F2 /* Supporting Files */,
			);
			path = BaseTableView;
			sourceTree = "<group>";
		};
		1CD62C491F13279300FC65F2 /* Supporting Files */ = {
			isa = PBXGroup;
			children = (
				1CD62C4A1F13279300FC65F2 /* main.m */,
			);
			name = "Supporting Files";
			sourceTree = "<group>";
		};
		1CD62C621F13279300FC65F2 /* BaseTableViewTests */ = {
			isa = PBXGroup;
			children = (
				1CD62C631F13279300FC65F2 /* BaseTableViewTests.m */,
				1CD62C651F13279300FC65F2 /* Info.plist */,
			);
			path = BaseTableViewTests;
			sourceTree = "<group>";
		};
		1CD62C6D1F13279300FC65F2 /* BaseTableViewUITests */ = {
			isa = PBXGroup;
			children = (
				1CD62C6E1F13279300FC65F2 /* BaseTableViewUITests.m */,
				1CD62C701F13279300FC65F2 /* Info.plist */,
			);
			path = BaseTableViewUITests;
			sourceTree = "<group>";
		};
		1CD62C8B1F137C4A00FC65F2 /* TableView */ = {
			isa = PBXGroup;
			children = (
				1CD62C8E1F137C7500FC65F2 /* RefreshTableView */,
				1CD62C8D1F137C6200FC65F2 /* BaseTableView */,
				1CD62C8C1F137C5800FC65F2 /* EmptyTableView */,
			);
			name = TableView;
			sourceTree = "<group>";
		};
		1CD62C8C1F137C5800FC65F2 /* EmptyTableView */ = {
			isa = PBXGroup;
			children = (
				1CD62C7F1F13327900FC65F2 /* BaseEmptyTableView.h */,
				1CD62C801F13327900FC65F2 /* BaseEmptyTableView.m */,
			);
			name = EmptyTableView;
			sourceTree = "<group>";
		};
		1CD62C8D1F137C6200FC65F2 /* BaseTableView */ = {
			isa = PBXGroup;
			children = (
				1CD62C7C1F13287300FC65F2 /* BaseTableView.h */,
				1CD62C7D1F13287300FC65F2 /* BaseTableView.m */,
			);
			name = BaseTableView;
			sourceTree = "<group>";
		};
		1CD62C8E1F137C7500FC65F2 /* RefreshTableView */ = {
			isa = PBXGroup;
			children = (
				1CD62C851F1363E500FC65F2 /* BaseRefreshTableView.h */,
				1CD62C861F1363E500FC65F2 /* BaseRefreshTableView.m */,
			);
			name = RefreshTableView;
			sourceTree = "<group>";
		};
/* End PBXGroup section */

/* Begin PBXNativeTarget section */
		1CD62C451F13279300FC65F2 /* BaseTableView */ = {
			isa = PBXNativeTarget;
			buildConfigurationList = 1CD62C731F13279300FC65F2 /* Build configuration list for PBXNativeTarget "BaseTableView" */;
			buildPhases = (
				A96B2969804A981C74DF3DF0 /* [CP] Check Pods Manifest.lock */,
				1CD62C421F13279300FC65F2 /* Sources */,
				1CD62C431F13279300FC65F2 /* Frameworks */,
				1CD62C441F13279300FC65F2 /* Resources */,
				711A6B79F144CBC3BCF42120 /* [CP] Embed Pods Frameworks */,
				B2C0F448960A6576B55F24EB /* [CP] Copy Pods Resources */,
			);
			buildRules = (
			);
			dependencies = (
			);
			name = BaseTableView;
			productName = BaseTableView;
			productReference = 1CD62C461F13279300FC65F2 /* BaseTableView.app */;
			productType = "com.apple.product-type.application";
		};
		1CD62C5E1F13279300FC65F2 /* BaseTableViewTests */ = {
			isa = PBXNativeTarget;
			buildConfigurationList = 1CD62C761F13279300FC65F2 /* Build configuration list for PBXNativeTarget "BaseTableViewTests" */;
			buildPhases = (
				1CD62C5B1F13279300FC65F2 /* Sources */,
				1CD62C5C1F13279300FC65F2 /* Frameworks */,
				1CD62C5D1F13279300FC65F2 /* Resources */,
			);
			buildRules = (
			);
			dependencies = (
				1CD62C611F13279300FC65F2 /* PBXTargetDependency */,
			);
			name = BaseTableViewTests;
			productName = BaseTableViewTests;
			productReference = 1CD62C5F1F13279300FC65F2 /* BaseTableViewTests.xctest */;
			productType = "com.apple.product-type.bundle.unit-test";
		};
		1CD62C691F13279300FC65F2 /* BaseTableViewUITests */ = {
			isa = PBXNativeTarget;
			buildConfigurationList = 1CD62C791F13279300FC65F2 /* Build configuration list for PBXNativeTarget "BaseTableViewUITests" */;
			buildPhases = (
				1CD62C661F13279300FC65F2 /* Sources */,
				1CD62C671F13279300FC65F2 /* Frameworks */,
				1CD62C681F13279300FC65F2 /* Resources */,
			);
			buildRules = (
			);
			dependencies = (
				1CD62C6C1F13279300FC65F2 /* PBXTargetDependency */,
			);
			name = BaseTableViewUITests;
			productName = BaseTableViewUITests;
			productReference = 1CD62C6A1F13279300FC65F2 /* BaseTableViewUITests.xctest */;
			productType = "com.apple.product-type.bundle.ui-testing";
		};
/* End PBXNativeTarget section */

/* Begin PBXProject section */
		1CD62C3E1F13279300FC65F2 /* Project object */ = {
			isa = PBXProject;
			attributes = {
				LastUpgradeCheck = 0830;
				ORGANIZATIONNAME = "刘一峰";
				TargetAttributes = {
					1CD62C451F13279300FC65F2 = {
						CreatedOnToolsVersion = 8.3.2;
						DevelopmentTeam = G8R7QB6NSW;
						ProvisioningStyle = Automatic;
					};
					1CD62C5E1F13279300FC65F2 = {
						CreatedOnToolsVersion = 8.3.2;
						DevelopmentTeam = G8R7QB6NSW;
						ProvisioningStyle = Automatic;
						TestTargetID = 1CD62C451F13279300FC65F2;
					};
					1CD62C691F13279300FC65F2 = {
						CreatedOnToolsVersion = 8.3.2;
						DevelopmentTeam = G8R7QB6NSW;
						ProvisioningStyle = Automatic;
						TestTargetID = 1CD62C451F13279300FC65F2;
					};
				};
			};
			buildConfigurationList = 1CD62C411F13279300FC65F2 /* Build configuration list for PBXProject "BaseTableView" */;
			compatibilityVersion = "Xcode 3.2";
			developmentRegion = English;
			hasScannedForEncodings = 0;
			knownRegions = (
				en,
				Base,
			);
			mainGroup = 1CD62C3D1F13279300FC65F2;
			productRefGroup = 1CD62C471F13279300FC65F2 /* Products */;
			projectDirPath = "";
			projectRoot = "";
			targets = (
				1CD62C451F13279300FC65F2 /* BaseTableView */,
				1CD62C5E1F13279300FC65F2 /* BaseTableViewTests */,
				1CD62C691F13279300FC65F2 /* BaseTableViewUITests */,
			);
		};
/* End PBXProject section */

/* Begin PBXResourcesBuildPhase section */
		1CD62C441F13279300FC65F2 /* Resources */ = {
			isa = PBXResourcesBuildPhase;
			buildActionMask = 2147483647;
			files = (
				1CD62C591F13279300FC65F2 /* LaunchScreen.storyboard in Resources */,
				1CD62C561F13279300FC65F2 /* Assets.xcassets in Resources */,
				1CD62C541F13279300FC65F2 /* Main.storyboard in Resources */,
			);
			runOnlyForDeploymentPostprocessing = 0;
		};
		1CD62C5D1F13279300FC65F2 /* Resources */ = {
			isa = PBXResourcesBuildPhase;
			buildActionMask = 2147483647;
			files = (
			);
			runOnlyForDeploymentPostprocessing = 0;
		};
		1CD62C681F13279300FC65F2 /* Resources */ = {
			isa = PBXResourcesBuildPhase;
			buildActionMask = 2147483647;
			files = (
			);
			runOnlyForDeploymentPostprocessing = 0;
		};
/* End PBXResourcesBuildPhase section */

/* Begin PBXShellScriptBuildPhase section */
		711A6B79F144CBC3BCF42120 /* [CP] Embed Pods Frameworks */ = {
			isa = PBXShellScriptBuildPhase;
			buildActionMask = 2147483647;
			files = (
			);
			inputPaths = (
			);
			name = "[CP] Embed Pods Frameworks";
			outputPaths = (
			);
			runOnlyForDeploymentPostprocessing = 0;
			shellPath = /bin/sh;
			shellScript = "\"${SRCROOT}/Pods/Target Support Files/Pods-BaseTableView/Pods-BaseTableView-frameworks.sh\"\n";
			showEnvVarsInLog = 0;
		};
		A96B2969804A981C74DF3DF0 /* [CP] Check Pods Manifest.lock */ = {
			isa = PBXShellScriptBuildPhase;
			buildActionMask = 2147483647;
			files = (
			);
			inputPaths = (
			);
			name = "[CP] Check Pods Manifest.lock";
			outputPaths = (
			);
			runOnlyForDeploymentPostprocessing = 0;
			shellPath = /bin/sh;
			shellScript = "diff \"${PODS_ROOT}/../Podfile.lock\" \"${PODS_ROOT}/Manifest.lock\" > /dev/null\nif [ $? != 0 ] ; then\n    # print error to STDERR\n    echo \"error: The sandbox is not in sync with the Podfile.lock. Run 'pod install' or update your CocoaPods installation.\" >&2\n    exit 1\nfi\n";
			showEnvVarsInLog = 0;
		};
		B2C0F448960A6576B55F24EB /* [CP] Copy Pods Resources */ = {
			isa = PBXShellScriptBuildPhase;
			buildActionMask = 2147483647;
			files = (
			);
			inputPaths = (
			);
			name = "[CP] Copy Pods Resources";
			outputPaths = (
			);
			runOnlyForDeploymentPostprocessing = 0;
			shellPath = /bin/sh;
			shellScript = "\"${SRCROOT}/Pods/Target Support Files/Pods-BaseTableView/Pods-BaseTableView-resources.sh\"\n";
			showEnvVarsInLog = 0;
		};
/* End PBXShellScriptBuildPhase section */

/* Begin PBXSourcesBuildPhase section */
		1CD62C421F13279300FC65F2 /* Sources */ = {
			isa = PBXSourcesBuildPhase;
			buildActionMask = 2147483647;
			files = (
				1CD62C7E1F13287300FC65F2 /* BaseTableView.m in Sources */,
				1CD62C871F1363E500FC65F2 /* BaseRefreshTableView.m in Sources */,
				1CD62C8A1F136FB500FC65F2 /* CustomCell.m in Sources */,
				1CD62C841F13532300FC65F2 /* FirstViewController.m in Sources */,
				1CD62C511F13279300FC65F2 /* ViewController.m in Sources */,
				1CD62C4E1F13279300FC65F2 /* AppDelegate.m in Sources */,
				1CD62C811F13327900FC65F2 /* BaseEmptyTableView.m in Sources */,
				1CD62C4B1F13279300FC65F2 /* main.m in Sources */,
			);
			runOnlyForDeploymentPostprocessing = 0;
		};
		1CD62C5B1F13279300FC65F2 /* Sources */ = {
			isa = PBXSourcesBuildPhase;
			buildActionMask = 2147483647;
			files = (
				1CD62C641F13279300FC65F2 /* BaseTableViewTests.m in Sources */,
			);
			runOnlyForDeploymentPostprocessing = 0;
		};
		1CD62C661F13279300FC65F2 /* Sources */ = {
			isa = PBXSourcesBuildPhase;
			buildActionMask = 2147483647;
			files = (
				1CD62C6F1F13279300FC65F2 /* BaseTableViewUITests.m in Sources */,
			);
			runOnlyForDeploymentPostprocessing = 0;
		};
/* End PBXSourcesBuildPhase section */

/* Begin PBXTargetDependency section */
		1CD62C611F13279300FC65F2 /* PBXTargetDependency */ = {
			isa = PBXTargetDependency;
			target = 1CD62C451F13279300FC65F2 /* BaseTableView */;
			targetProxy = 1CD62C601F13279300FC65F2 /* PBXContainerItemProxy */;
		};
		1CD62C6C1F13279300FC65F2 /* PBXTargetDependency */ = {
			isa = PBXTargetDependency;
			target = 1CD62C451F13279300FC65F2 /* BaseTableView */;
			targetProxy = 1CD62C6B1F13279300FC65F2 /* PBXContainerItemProxy */;
		};
/* End PBXTargetDependency section */

/* Begin PBXVariantGroup section */
		1CD62C521F13279300FC65F2 /* Main.storyboard */ = {
			isa = PBXVariantGroup;
			children = (
				1CD62C531F13279300FC65F2 /* Base */,
			);
			name = Main.storyboard;
			sourceTree = "<group>";
		};
		1CD62C571F13279300FC65F2 /* LaunchScreen.storyboard */ = {
			isa = PBXVariantGroup;
			children = (
				1CD62C581F13279300FC65F2 /* Base */,
			);
			name = LaunchScreen.storyboard;
			sourceTree = "<group>";
		};
/* End PBXVariantGroup section */

/* Begin XCBuildConfiguration section */
		1CD62C711F13279300FC65F2 /* Debug */ = {
			isa = XCBuildConfiguration;
			buildSettings = {
				ALWAYS_SEARCH_USER_PATHS = NO;
				CLANG_ANALYZER_NONNULL = YES;
				CLANG_ANALYZER_NUMBER_OBJECT_CONVERSION = YES_AGGRESSIVE;
				CLANG_CXX_LANGUAGE_STANDARD = "gnu++0x";
				CLANG_CXX_LIBRARY = "libc++";
				CLANG_ENABLE_MODULES = YES;
				CLANG_ENABLE_OBJC_ARC = YES;
				CLANG_WARN_BOOL_CONVERSION = YES;
				CLANG_WARN_CONSTANT_CONVERSION = YES;
				CLANG_WARN_DIRECT_OBJC_ISA_USAGE = YES_ERROR;
				CLANG_WARN_DOCUMENTATION_COMMENTS = YES;
				CLANG_WARN_EMPTY_BODY = YES;
				CLANG_WARN_ENUM_CONVERSION = YES;
				CLANG_WARN_INFINITE_RECURSION = YES;
				CLANG_WARN_INT_CONVERSION = YES;
				CLANG_WARN_OBJC_ROOT_CLASS = YES_ERROR;
				CLANG_WARN_SUSPICIOUS_MOVE = YES;
				CLANG_WARN_UNREACHABLE_CODE = YES;
				CLANG_WARN__DUPLICATE_METHOD_MATCH = YES;
				"CODE_SIGN_IDENTITY[sdk=iphoneos*]" = "iPhone Developer";
				COPY_PHASE_STRIP = NO;
				DEBUG_INFORMATION_FORMAT = dwarf;
				ENABLE_STRICT_OBJC_MSGSEND = YES;
				ENABLE_TESTABILITY = YES;
				GCC_C_LANGUAGE_STANDARD = gnu99;
				GCC_DYNAMIC_NO_PIC = NO;
				GCC_NO_COMMON_BLOCKS = YES;
				GCC_OPTIMIZATION_LEVEL = 0;
				GCC_PREPROCESSOR_DEFINITIONS = (
					"DEBUG=1",
					"$(inherited)",
				);
				GCC_WARN_64_TO_32_BIT_CONVERSION = YES;
				GCC_WARN_ABOUT_RETURN_TYPE = YES_ERROR;
				GCC_WARN_UNDECLARED_SELECTOR = YES;
				GCC_WARN_UNINITIALIZED_AUTOS = YES_AGGRESSIVE;
				GCC_WARN_UNUSED_FUNCTION = YES;
				GCC_WARN_UNUSED_VARIABLE = YES;
				IPHONEOS_DEPLOYMENT_TARGET = 10.3;
				MTL_ENABLE_DEBUG_INFO = YES;
				ONLY_ACTIVE_ARCH = YES;
				SDKROOT = iphoneos;
				TARGETED_DEVICE_FAMILY = "1,2";
			};
			name = Debug;
		};
		1CD62C721F13279300FC65F2 /* Release */ = {
			isa = XCBuildConfiguration;
			buildSettings = {
				ALWAYS_SEARCH_USER_PATHS = NO;
				CLANG_ANALYZER_NONNULL = YES;
				CLANG_ANALYZER_NUMBER_OBJECT_CONVERSION = YES_AGGRESSIVE;
				CLANG_CXX_LANGUAGE_STANDARD = "gnu++0x";
				CLANG_CXX_LIBRARY = "libc++";
				CLANG_ENABLE_MODULES = YES;
				CLANG_ENABLE_OBJC_ARC = YES;
				CLANG_WARN_BOOL_CONVERSION = YES;
				CLANG_WARN_CONSTANT_CONVERSION = YES;
				CLANG_WARN_DIRECT_OBJC_ISA_USAGE = YES_ERROR;
				CLANG_WARN_DOCUMENTATION_COMMENTS = YES;
				CLANG_WARN_EMPTY_BODY = YES;
				CLANG_WARN_ENUM_CONVERSION = YES;
				CLANG_WARN_INFINITE_RECURSION = YES;
				CLANG_WARN_INT_CONVERSION = YES;
				CLANG_WARN_OBJC_ROOT_CLASS = YES_ERROR;
				CLANG_WARN_SUSPICIOUS_MOVE = YES;
				CLANG_WARN_UNREACHABLE_CODE = YES;
				CLANG_WARN__DUPLICATE_METHOD_MATCH = YES;
				"CODE_SIGN_IDENTITY[sdk=iphoneos*]" = "iPhone Developer";
				COPY_PHASE_STRIP = NO;
				DEBUG_INFORMATION_FORMAT = "dwarf-with-dsym";
				ENABLE_NS_ASSERTIONS = NO;
				ENABLE_STRICT_OBJC_MSGSEND = YES;
				GCC_C_LANGUAGE_STANDARD = gnu99;
				GCC_NO_COMMON_BLOCKS = YES;
				GCC_WARN_64_TO_32_BIT_CONVERSION = YES;
				GCC_WARN_ABOUT_RETURN_TYPE = YES_ERROR;
				GCC_WARN_UNDECLARED_SELECTOR = YES;
				GCC_WARN_UNINITIALIZED_AUTOS = YES_AGGRESSIVE;
				GCC_WARN_UNUSED_FUNCTION = YES;
				GCC_WARN_UNUSED_VARIABLE = YES;
				IPHONEOS_DEPLOYMENT_TARGET = 10.3;
				MTL_ENABLE_DEBUG_INFO = NO;
				SDKROOT = iphoneos;
				TARGETED_DEVICE_FAMILY = "1,2";
				VALIDATE_PRODUCT = YES;
			};
			name = Release;
		};
		1CD62C741F13279300FC65F2 /* Debug */ = {
			isa = XCBuildConfiguration;
			baseConfigurationReference = 71E6950D72B533C3B7D77EC4 /* Pods-BaseTableView.debug.xcconfig */;
			buildSettings = {
				ASSETCATALOG_COMPILER_APPICON_NAME = AppIcon;
				DEVELOPMENT_TEAM = G8R7QB6NSW;
				INFOPLIST_FILE = BaseTableView/Info.plist;
				LD_RUNPATH_SEARCH_PATHS = "$(inherited) @executable_path/Frameworks";
				PRODUCT_BUNDLE_IDENTIFIER = com.lyf.BaseTableView;
				PRODUCT_NAME = "$(TARGET_NAME)";
			};
			name = Debug;
		};
		1CD62C751F13279300FC65F2 /* Release */ = {
			isa = XCBuildConfiguration;
			baseConfigurationReference = 69E203F4AABD0F5981DB58D7 /* Pods-BaseTableView.release.xcconfig */;
			buildSettings = {
				ASSETCATALOG_COMPILER_APPICON_NAME = AppIcon;
				DEVELOPMENT_TEAM = G8R7QB6NSW;
				INFOPLIST_FILE = BaseTableView/Info.plist;
				LD_RUNPATH_SEARCH_PATHS = "$(inherited) @executable_path/Frameworks";
				PRODUCT_BUNDLE_IDENTIFIER = com.lyf.BaseTableView;
				PRODUCT_NAME = "$(TARGET_NAME)";
			};
			name = Release;
		};
		1CD62C771F13279300FC65F2 /* Debug */ = {
			isa = XCBuildConfiguration;
			buildSettings = {
				BUNDLE_LOADER = "$(TEST_HOST)";
				DEVELOPMENT_TEAM = G8R7QB6NSW;
				INFOPLIST_FILE = BaseTableViewTests/Info.plist;
				LD_RUNPATH_SEARCH_PATHS = "$(inherited) @executable_path/Frameworks @loader_path/Frameworks";
				PRODUCT_BUNDLE_IDENTIFIER = com.lyf.BaseTableViewTests;
				PRODUCT_NAME = "$(TARGET_NAME)";
				TEST_HOST = "$(BUILT_PRODUCTS_DIR)/BaseTableView.app/BaseTableView";
			};
			name = Debug;
		};
		1CD62C781F13279300FC65F2 /* Release */ = {
			isa = XCBuildConfiguration;
			buildSettings = {
				BUNDLE_LOADER = "$(TEST_HOST)";
				DEVELOPMENT_TEAM = G8R7QB6NSW;
				INFOPLIST_FILE = BaseTableViewTests/Info.plist;
				LD_RUNPATH_SEARCH_PATHS = "$(inherited) @executable_path/Frameworks @loader_path/Frameworks";
				PRODUCT_BUNDLE_IDENTIFIER = com.lyf.BaseTableViewTests;
				PRODUCT_NAME = "$(TARGET_NAME)";
				TEST_HOST = "$(BUILT_PRODUCTS_DIR)/BaseTableView.app/BaseTableView";
			};
			name = Release;
		};
		1CD62C7A1F13279300FC65F2 /* Debug */ = {
			isa = XCBuildConfiguration;
			buildSettings = {
				DEVELOPMENT_TEAM = G8R7QB6NSW;
				INFOPLIST_FILE = BaseTableViewUITests/Info.plist;
				LD_RUNPATH_SEARCH_PATHS = "$(inherited) @executable_path/Frameworks @loader_path/Frameworks";
				PRODUCT_BUNDLE_IDENTIFIER = com.lyf.BaseTableViewUITests;
				PRODUCT_NAME = "$(TARGET_NAME)";
				TEST_TARGET_NAME = BaseTableView;
			};
			name = Debug;
		};
		1CD62C7B1F13279300FC65F2 /* Release */ = {
			isa = XCBuildConfiguration;
			buildSettings = {
				DEVELOPMENT_TEAM = G8R7QB6NSW;
				INFOPLIST_FILE = BaseTableViewUITests/Info.plist;
				LD_RUNPATH_SEARCH_PATHS = "$(inherited) @executable_path/Frameworks @loader_path/Frameworks";
				PRODUCT_BUNDLE_IDENTIFIER = com.lyf.BaseTableViewUITests;
				PRODUCT_NAME = "$(TARGET_NAME)";
				TEST_TARGET_NAME = BaseTableView;
			};
			name = Release;
		};
/* End XCBuildConfiguration section */

/* Begin XCConfigurationList section */
		1CD62C411F13279300FC65F2 /* Build configuration list for PBXProject "BaseTableView" */ = {
			isa = XCConfigurationList;
			buildConfigurations = (
				1CD62C711F13279300FC65F2 /* Debug */,
				1CD62C721F13279300FC65F2 /* Release */,
			);
			defaultConfigurationIsVisible = 0;
			defaultConfigurationName = Release;
		};
		1CD62C731F13279300FC65F2 /* Build configuration list for PBXNativeTarget "BaseTableView" */ = {
			isa = XCConfigurationList;
			buildConfigurations = (
				1CD62C741F13279300FC65F2 /* Debug */,
				1CD62C751F13279300FC65F2 /* Release */,
			);
			defaultConfigurationIsVisible = 0;
			defaultConfigurationName = Release;
		};
		1CD62C761F13279300FC65F2 /* Build configuration list for PBXNativeTarget "BaseTableViewTests" */ = {
			isa = XCConfigurationList;
			buildConfigurations = (
				1CD62C771F13279300FC65F2 /* Debug */,
				1CD62C781F13279300FC65F2 /* Release */,
			);
			defaultConfigurationIsVisible = 0;
			defaultConfigurationName = Release;
		};
		1CD62C791F13279300FC65F2 /* Build configuration list for PBXNativeTarget "BaseTableViewUITests" */ = {
			isa = XCConfigurationList;
			buildConfigurations = (
				1CD62C7A1F13279300FC65F2 /* Debug */,
				1CD62C7B1F13279300FC65F2 /* Release */,
			);
			defaultConfigurationIsVisible = 0;
			defaultConfigurationName = Release;
		};
/* End XCConfigurationList section */
	};
	rootObject = 1CD62C3E1F13279300FC65F2 /* Project object */;
}
